
Microsoft Visual Studio Solution File, Format Version 12.00
# Visual Studio 14
VisualStudioVersion = 14.0.25420.1
MinimumVisualStudioVersion = 10.0.40219.1
Project("{FAE04EC0-301F-11D3-BF4B-00C04F79EFBC}") = "Libros", "Libros\Libros.csproj", "{018B8995-96E8-4082-8DF6-80D1DBBEF416}"
EndProject
Project("{FAE04EC0-301F-11D3-BF4B-00C04F79EFBC}") = "LibrosEDM", "LibrosEDM\LibrosEDM.csproj", "{FE6AB75B-DB76-474E-A634-61E3CDAA508F}"
EndProject
Project("{FAE04EC0-301F-11D3-BF4B-00C04F79EFBC}") = "LibrosDAO", "LibrosDAO\LibrosDAO.csproj", "{22ABF51B-3D43-4ED7-9763-FC47945FD725}"
EndProject
Global
	GlobalSection(SolutionConfigurationPlatforms) = preSolution
		Debug|Any CPU = Debug|Any CPU
		Release|Any CPU = Release|Any CPU
	EndGlobalSection
	GlobalSection(ProjectConfigurationPlatforms) = postSolution
		{018B8995-96E8-4082-8DF6-80D1DBBEF416}.Debug|Any CPU.ActiveCfg = Debug|Any CPU
		{018B8995-96E8-4082-8DF6-80D1DBBEF416}.Debug|Any CPU.Build.0 = Debug|Any CPU
		{018B8995-96E8-4082-8DF6-80D1DBBEF416}.Release|Any CPU.ActiveCfg = Release|Any CPU
		{018B8995-96E8-4082-8DF6-80D1DBBEF416}.Release|Any CPU.Build.0 = Release|Any CPU
		{FE6AB75B-DB76-474E-A634-61E3CDAA508F}.Debug|Any CPU.ActiveCfg = Debug|Any CPU
		{FE6AB75B-DB76-474E-A634-61E3CDAA508F}.Debug|Any CPU.Build.0 = Debug|Any CPU
		{FE6AB75B-DB76-474E-A634-61E3CDAA508F}.Release|Any CPU.ActiveCfg = Release|Any CPU
		{FE6AB75B-DB76-474E-A634-61E3CDAA508F}.Release|Any CPU.Build.0 = Release|Any CPU
		{22ABF51B-3D43-4ED7-9763-FC47945FD725}.Debug|Any CPU.ActiveCfg = Debug|Any CPU
		{22ABF51B-3D43-4ED7-9763-FC47945FD725}.Debug|Any CPU.Build.0 = Debug|Any CPU
		{22ABF51B-3D43-4ED7-9763-FC47945FD725}.Release|Any CPU.ActiveCfg = Release|Any CPU
		{22ABF51B-3D43-4ED7-9763-FC47945FD725}.Release|Any CPU.Build.0 = Release|Any CPU
	EndGlobalSection
	GlobalSection(SolutionProperties) = preSolution
		HideSolutionNode = FALSE
	EndGlobalSection
EndGlobal
